// !$*UTF8*$!
{
	archiveVersion = 1;
	classes = {
	};
	objectVersion = 48;
	objects = {

/* Begin PBXBuildFile section */
		1F9DEF901FFFBC9300944522 /* VisionForFaceViewController.swift in Sources */ = {isa = PBXBuildFile; fileRef = 1F9DEF8E1FFFBC9300944522 /* VisionForFaceViewController.swift */; };
		1F9DEF911FFFBC9300944522 /* VisionForFaceViewController.xib in Resources */ = {isa = PBXBuildFile; fileRef = 1F9DEF8F1FFFBC9300944522 /* VisionForFaceViewController.xib */; };
		1F9DEF971FFFBF8700944522 /* VisionViewController.xib in Resources */ = {isa = PBXBuildFile; fileRef = 1F9DEF951FFFBF8700944522 /* VisionViewController.xib */; };
		1F9DEF981FFFBF8700944522 /* VisionViewController.swift in Sources */ = {isa = PBXBuildFile; fileRef = 1F9DEF961FFFBF8700944522 /* VisionViewController.swift */; };
		1F9EEA6B1FD134C900849BFC /* PageViewController.swift in Sources */ = {isa = PBXBuildFile; fileRef = 1F9EEA691FD134C900849BFC /* PageViewController.swift */; };
		1F9EEA6C1FD134C900849BFC /* PageViewController.xib in Resources */ = {isa = PBXBuildFile; fileRef = 1F9EEA6A1FD134C900849BFC /* PageViewController.xib */; };
		1F9EEA6F1FD134FF00849BFC /* Page1ViewController.swift in Sources */ = {isa = PBXBuildFile; fileRef = 1F9EEA6D1FD134FF00849BFC /* Page1ViewController.swift */; };
		1F9EEA701FD134FF00849BFC /* Page1ViewController.xib in Resources */ = {isa = PBXBuildFile; fileRef = 1F9EEA6E1FD134FF00849BFC /* Page1ViewController.xib */; };
		1F9EEA731FD1350B00849BFC /* Page2ViewController.swift in Sources */ = {isa = PBXBuildFile; fileRef = 1F9EEA711FD1350B00849BFC /* Page2ViewController.swift */; };
		1F9EEA741FD1350B00849BFC /* Page2ViewController.xib in Resources */ = {isa = PBXBuildFile; fileRef = 1F9EEA721FD1350B00849BFC /* Page2ViewController.xib */; };
		1F9EEA771FD1351800849BFC /* Page3ViewController.swift in Sources */ = {isa = PBXBuildFile; fileRef = 1F9EEA751FD1351800849BFC /* Page3ViewController.swift */; };
		1F9EEA781FD1351800849BFC /* Page3ViewController.xib in Resources */ = {isa = PBXBuildFile; fileRef = 1F9EEA761FD1351800849BFC /* Page3ViewController.xib */; };
		1F9EEA9D1FD51A6A00849BFC /* RemoteAPITableViewViewController.swift in Sources */ = {isa = PBXBuildFile; fileRef = 1F9EEA9B1FD51A6A00849BFC /* RemoteAPITableViewViewController.swift */; };
		1F9EEA9E1FD51A6A00849BFC /* RemoteAPITableViewViewController.xib in Resources */ = {isa = PBXBuildFile; fileRef = 1F9EEA9C1FD51A6A00849BFC /* RemoteAPITableViewViewController.xib */; };
		1FA111A61FE1E9BF006B239D /* iBeaconViewController.swift in Sources */ = {isa = PBXBuildFile; fileRef = 1FA111A41FE1E9BF006B239D /* iBeaconViewController.swift */; };
		1FA111A71FE1E9BF006B239D /* iBeaconViewController.xib in Resources */ = {isa = PBXBuildFile; fileRef = 1FA111A51FE1E9BF006B239D /* iBeaconViewController.xib */; };
		1FCD2E9D1FF4BC7300D892F3 /* BlueToothViewController.swift in Sources */ = {isa = PBXBuildFile; fileRef = 1FCD2E9B1FF4BC7300D892F3 /* BlueToothViewController.swift */; };
		1FCD2E9E1FF4BC7300D892F3 /* BlueToothViewController.xib in Resources */ = {isa = PBXBuildFile; fileRef = 1FCD2E9C1FF4BC7300D892F3 /* BlueToothViewController.xib */; };
		1FCD639D1FCD363C00AB0DBE /* AppDelegate.swift in Sources */ = {isa = PBXBuildFile; fileRef = 1FCD639C1FCD363C00AB0DBE /* AppDelegate.swift */; };
		1FCD639F1FCD363C00AB0DBE /* ViewController.swift in Sources */ = {isa = PBXBuildFile; fileRef = 1FCD639E1FCD363C00AB0DBE /* ViewController.swift */; };
		1FCD63A21FCD363C00AB0DBE /* Main.storyboard in Resources */ = {isa = PBXBuildFile; fileRef = 1FCD63A01FCD363C00AB0DBE /* Main.storyboard */; };
		1FCD63A51FCD363C00AB0DBE /* DemoProject.xcdatamodeld in Sources */ = {isa = PBXBuildFile; fileRef = 1FCD63A31FCD363C00AB0DBE /* DemoProject.xcdatamodeld */; };
		1FCD63A71FCD363C00AB0DBE /* Assets.xcassets in Resources */ = {isa = PBXBuildFile; fileRef = 1FCD63A61FCD363C00AB0DBE /* Assets.xcassets */; };
		1FCD63AA1FCD363C00AB0DBE /* LaunchScreen.storyboard in Resources */ = {isa = PBXBuildFile; fileRef = 1FCD63A81FCD363C00AB0DBE /* LaunchScreen.storyboard */; };
		1FCD63B31FCD420900AB0DBE /* HomePageViewController.swift in Sources */ = {isa = PBXBuildFile; fileRef = 1FCD63B11FCD420900AB0DBE /* HomePageViewController.swift */; };
		1FCD63B41FCD420900AB0DBE /* HomePageViewController.xib in Resources */ = {isa = PBXBuildFile; fileRef = 1FCD63B21FCD420900AB0DBE /* HomePageViewController.xib */; };
		1FCD63B71FCD44F200AB0DBE /* HomeTableViewCell.swift in Sources */ = {isa = PBXBuildFile; fileRef = 1FCD63B51FCD44F200AB0DBE /* HomeTableViewCell.swift */; };
		1FCD63B81FCD44F200AB0DBE /* HomeTableViewCell.xib in Resources */ = {isa = PBXBuildFile; fileRef = 1FCD63B61FCD44F200AB0DBE /* HomeTableViewCell.xib */; };
		1FCD63E71FCD673A00AB0DBE /* SimpleStopWatchViewController.swift in Sources */ = {isa = PBXBuildFile; fileRef = 1FCD63E51FCD673A00AB0DBE /* SimpleStopWatchViewController.swift */; };
		1FCD63E81FCD673A00AB0DBE /* SimpleStopWatchViewController.xib in Resources */ = {isa = PBXBuildFile; fileRef = 1FCD63E61FCD673A00AB0DBE /* SimpleStopWatchViewController.xib */; };
		1FCD63EF1FCEBCD200AB0DBE /* AutolayoutTutorialViewController.swift in Sources */ = {isa = PBXBuildFile; fileRef = 1FCD63ED1FCEBCD200AB0DBE /* AutolayoutTutorialViewController.swift */; };
		1FCD63F01FCEBCD200AB0DBE /* AutolayoutTutorialViewController.xib in Resources */ = {isa = PBXBuildFile; fileRef = 1FCD63EE1FCEBCD200AB0DBE /* AutolayoutTutorialViewController.xib */; };
		1FE286661FEF84CA0003B898 /* CoreMLViewController.swift in Sources */ = {isa = PBXBuildFile; fileRef = 1FE286641FEF84CA0003B898 /* CoreMLViewController.swift */; };
		1FE286671FEF84CA0003B898 /* CoreMLViewController.xib in Resources */ = {isa = PBXBuildFile; fileRef = 1FE286651FEF84CA0003B898 /* CoreMLViewController.xib */; };
		1FE2866B1FEFFD420003B898 /* Inceptionv3.mlmodel in Sources */ = {isa = PBXBuildFile; fileRef = 1FE2866A1FEFFD420003B898 /* Inceptionv3.mlmodel */; };
		59F613E71D45549368C452F7 /* Pods_DemoProject.framework in Frameworks */ = {isa = PBXBuildFile; fileRef = 277C5F37F6291EFF6A0DCD51 /* Pods_DemoProject.framework */; };
/* End PBXBuildFile section */

/* Begin PBXFileReference section */
		0289B39A1566DEE297B12442 /* Pods-DemoProject.debug.xcconfig */ = {isa = PBXFileReference; includeInIndex = 1; lastKnownFileType = text.xcconfig; name = "Pods-DemoProject.debug.xcconfig"; path = "Pods/Target Support Files/Pods-DemoProject/Pods-DemoProject.debug.xcconfig"; sourceTree = "<group>"; };
		1F9DEF8E1FFFBC9300944522 /* VisionForFaceViewController.swift */ = {isa = PBXFileReference; lastKnownFileType = sourcecode.swift; path = VisionForFaceViewController.swift; sourceTree = "<group>"; };
		1F9DEF8F1FFFBC9300944522 /* VisionForFaceViewController.xib */ = {isa = PBXFileReference; lastKnownFileType = file.xib; path = VisionForFaceViewController.xib; sourceTree = "<group>"; };
		1F9DEF951FFFBF8700944522 /* VisionViewController.xib */ = {isa = PBXFileReference; fileEncoding = 4; lastKnownFileType = file.xib; name = VisionViewController.xib; path = ../../../../../../Desktop/VisionViewController.xib; sourceTree = "<group>"; };
		1F9DEF961FFFBF8700944522 /* VisionViewController.swift */ = {isa = PBXFileReference; fileEncoding = 4; lastKnownFileType = sourcecode.swift; name = VisionViewController.swift; path = ../../../../../../Desktop/VisionViewController.swift; sourceTree = "<group>"; };
		1F9EEA691FD134C900849BFC /* PageViewController.swift */ = {isa = PBXFileReference; lastKnownFileType = sourcecode.swift; path = PageViewController.swift; sourceTree = "<group>"; };
		1F9EEA6A1FD134C900849BFC /* PageViewController.xib */ = {isa = PBXFileReference; lastKnownFileType = file.xib; path = PageViewController.xib; sourceTree = "<group>"; };
		1F9EEA6D1FD134FF00849BFC /* Page1ViewController.swift */ = {isa = PBXFileReference; lastKnownFileType = sourcecode.swift; path = Page1ViewController.swift; sourceTree = "<group>"; };
		1F9EEA6E1FD134FF00849BFC /* Page1ViewController.xib */ = {isa = PBXFileReference; lastKnownFileType = file.xib; path = Page1ViewController.xib; sourceTree = "<group>"; };
		1F9EEA711FD1350B00849BFC /* Page2ViewController.swift */ = {isa = PBXFileReference; lastKnownFileType = sourcecode.swift; path = Page2ViewController.swift; sourceTree = "<group>"; };
		1F9EEA721FD1350B00849BFC /* Page2ViewController.xib */ = {isa = PBXFileReference; lastKnownFileType = file.xib; path = Page2ViewController.xib; sourceTree = "<group>"; };
		1F9EEA751FD1351800849BFC /* Page3ViewController.swift */ = {isa = PBXFileReference; lastKnownFileType = sourcecode.swift; path = Page3ViewController.swift; sourceTree = "<group>"; };
		1F9EEA761FD1351800849BFC /* Page3ViewController.xib */ = {isa = PBXFileReference; lastKnownFileType = file.xib; path = Page3ViewController.xib; sourceTree = "<group>"; };
		1F9EEA9B1FD51A6A00849BFC /* RemoteAPITableViewViewController.swift */ = {isa = PBXFileReference; lastKnownFileType = sourcecode.swift; path = RemoteAPITableViewViewController.swift; sourceTree = "<group>"; };
		1F9EEA9C1FD51A6A00849BFC /* RemoteAPITableViewViewController.xib */ = {isa = PBXFileReference; lastKnownFileType = file.xib; path = RemoteAPITableViewViewController.xib; sourceTree = "<group>"; };
		1F9EEACB1FD78FFD00849BFC /* DemoProject-Bridging-Header.h */ = {isa = PBXFileReference; lastKnownFileType = sourcecode.c.h; path = "DemoProject-Bridging-Header.h"; sourceTree = "<group>"; };
		1FA111A41FE1E9BF006B239D /* iBeaconViewController.swift */ = {isa = PBXFileReference; lastKnownFileType = sourcecode.swift; path = iBeaconViewController.swift; sourceTree = "<group>"; };
		1FA111A51FE1E9BF006B239D /* iBeaconViewController.xib */ = {isa = PBXFileReference; lastKnownFileType = file.xib; path = iBeaconViewController.xib; sourceTree = "<group>"; };
		1FCD2E9B1FF4BC7300D892F3 /* BlueToothViewController.swift */ = {isa = PBXFileReference; lastKnownFileType = sourcecode.swift; path = BlueToothViewController.swift; sourceTree = "<group>"; };
		1FCD2E9C1FF4BC7300D892F3 /* BlueToothViewController.xib */ = {isa = PBXFileReference; lastKnownFileType = file.xib; path = BlueToothViewController.xib; sourceTree = "<group>"; };
		1FCD63991FCD363C00AB0DBE /* DemoProject.app */ = {isa = PBXFileReference; explicitFileType = wrapper.application; includeInIndex = 0; path = DemoProject.app; sourceTree = BUILT_PRODUCTS_DIR; };
		1FCD639C1FCD363C00AB0DBE /* AppDelegate.swift */ = {isa = PBXFileReference; lastKnownFileType = sourcecode.swift; path = AppDelegate.swift; sourceTree = "<group>"; };
		1FCD639E1FCD363C00AB0DBE /* ViewController.swift */ = {isa = PBXFileReference; lastKnownFileType = sourcecode.swift; path = ViewController.swift; sourceTree = "<group>"; };
		1FCD63A11FCD363C00AB0DBE /* Base */ = {isa = PBXFileReference; lastKnownFileType = file.storyboard; name = Base; path = Base.lproj/Main.storyboard; sourceTree = "<group>"; };
		1FCD63A41FCD363C00AB0DBE /* DemoProject.xcdatamodel */ = {isa = PBXFileReference; lastKnownFileType = wrapper.xcdatamodel; path = DemoProject.xcdatamodel; sourceTree = "<group>"; };
		1FCD63A61FCD363C00AB0DBE /* Assets.xcassets */ = {isa = PBXFileReference; lastKnownFileType = folder.assetcatalog; path = Assets.xcassets; sourceTree = "<group>"; };
		1FCD63A91FCD363C00AB0DBE /* Base */ = {isa = PBXFileReference; lastKnownFileType = file.storyboard; name = Base; path = Base.lproj/LaunchScreen.storyboard; sourceTree = "<group>"; };
		1FCD63AB1FCD363C00AB0DBE /* Info.plist */ = {isa = PBXFileReference; lastKnownFileType = text.plist.xml; path = Info.plist; sourceTree = "<group>"; };
		1FCD63B11FCD420900AB0DBE /* HomePageViewController.swift */ = {isa = PBXFileReference; lastKnownFileType = sourcecode.swift; path = HomePageViewController.swift; sourceTree = "<group>"; };
		1FCD63B21FCD420900AB0DBE /* HomePageViewController.xib */ = {isa = PBXFileReference; lastKnownFileType = file.xib; path = HomePageViewController.xib; sourceTree = "<group>"; };
		1FCD63B51FCD44F200AB0DBE /* HomeTableViewCell.swift */ = {isa = PBXFileReference; lastKnownFileType = sourcecode.swift; path = HomeTableViewCell.swift; sourceTree = "<group>"; };
		1FCD63B61FCD44F200AB0DBE /* HomeTableViewCell.xib */ = {isa = PBXFileReference; lastKnownFileType = file.xib; path = HomeTableViewCell.xib; sourceTree = "<group>"; };
		1FCD63E51FCD673A00AB0DBE /* SimpleStopWatchViewController.swift */ = {isa = PBXFileReference; lastKnownFileType = sourcecode.swift; path = SimpleStopWatchViewController.swift; sourceTree = "<group>"; };
		1FCD63E61FCD673A00AB0DBE /* SimpleStopWatchViewController.xib */ = {isa = PBXFileReference; lastKnownFileType = file.xib; path = SimpleStopWatchViewController.xib; sourceTree = "<group>"; };
		1FCD63ED1FCEBCD200AB0DBE /* AutolayoutTutorialViewController.swift */ = {isa = PBXFileReference; lastKnownFileType = sourcecode.swift; path = AutolayoutTutorialViewController.swift; sourceTree = "<group>"; };
		1FCD63EE1FCEBCD200AB0DBE /* AutolayoutTutorialViewController.xib */ = {isa = PBXFileReference; lastKnownFileType = file.xib; path = AutolayoutTutorialViewController.xib; sourceTree = "<group>"; };
		1FE286641FEF84CA0003B898 /* CoreMLViewController.swift */ = {isa = PBXFileReference; lastKnownFileType = sourcecode.swift; path = CoreMLViewController.swift; sourceTree = "<group>"; };
		1FE286651FEF84CA0003B898 /* CoreMLViewController.xib */ = {isa = PBXFileReference; lastKnownFileType = file.xib; path = CoreMLViewController.xib; sourceTree = "<group>"; };
		1FE2866A1FEFFD420003B898 /* Inceptionv3.mlmodel */ = {isa = PBXFileReference; lastKnownFileType = file.mlmodel; path = Inceptionv3.mlmodel; sourceTree = "<group>"; };
		277C5F37F6291EFF6A0DCD51 /* Pods_DemoProject.framework */ = {isa = PBXFileReference; explicitFileType = wrapper.framework; includeInIndex = 0; path = Pods_DemoProject.framework; sourceTree = BUILT_PRODUCTS_DIR; };
		42E15255B5301EDEE9A8EAF8 /* Pods-DemoProject.release.xcconfig */ = {isa = PBXFileReference; includeInIndex = 1; lastKnownFileType = text.xcconfig; name = "Pods-DemoProject.release.xcconfig"; path = "Pods/Target Support Files/Pods-DemoProject/Pods-DemoProject.release.xcconfig"; sourceTree = "<group>"; };
/* End PBXFileReference section */

/* Begin PBXFrameworksBuildPhase section */
		1FCD63961FCD363C00AB0DBE /* Frameworks */ = {
			isa = PBXFrameworksBuildPhase;
			buildActionMask = 2147483647;
			files = (
				59F613E71D45549368C452F7 /* Pods_DemoProject.framework in Frameworks */,
			);
			runOnlyForDeploymentPostprocessing = 0;
		};
/* End PBXFrameworksBuildPhase section */

/* Begin PBXGroup section */
		1F9DEF8D1FFFBC6D00944522 /* Vision_ForFace */ = {
			isa = PBXGroup;
			children = (
				1F9DEF8E1FFFBC9300944522 /* VisionForFaceViewController.swift */,
				1F9DEF8F1FFFBC9300944522 /* VisionForFaceViewController.xib */,
			);
			path = Vision_ForFace;
			sourceTree = "<group>";
		};
		1F9DEF941FFFBF6000944522 /* Vision */ = {
			isa = PBXGroup;
			children = (
				1F9DEF961FFFBF8700944522 /* VisionViewController.swift */,
				1F9DEF951FFFBF8700944522 /* VisionViewController.xib */,
			);
			path = Vision;
			sourceTree = "<group>";
		};
		1F9EEA9A1FD519FF00849BFC /* RemoteWebAPITableView */ = {
			isa = PBXGroup;
			children = (
				1F9EEA9B1FD51A6A00849BFC /* RemoteAPITableViewViewController.swift */,
				1F9EEA9C1FD51A6A00849BFC /* RemoteAPITableViewViewController.xib */,
			);
			path = RemoteWebAPITableView;
			sourceTree = "<group>";
		};
		1FA111A31FE1E9A5006B239D /* iBeacon */ = {
			isa = PBXGroup;
			children = (
				1FA111A41FE1E9BF006B239D /* iBeaconViewController.swift */,
				1FA111A51FE1E9BF006B239D /* iBeaconViewController.xib */,
			);
			path = iBeacon;
			sourceTree = "<group>";
		};
		1FCD2E961FF4BC1800D892F3 /* BlueTooth */ = {
			isa = PBXGroup;
			children = (
				1FCD2E9B1FF4BC7300D892F3 /* BlueToothViewController.swift */,
				1FCD2E9C1FF4BC7300D892F3 /* BlueToothViewController.xib */,
			);
			path = BlueTooth;
			sourceTree = "<group>";
		};
		1FCD63901FCD363C00AB0DBE = {
			isa = PBXGroup;
			children = (
				1FCD639B1FCD363C00AB0DBE /* DemoProject */,
				1FCD639A1FCD363C00AB0DBE /* Products */,
				3740E90B56B5135FE41DD3B3 /* Pods */,
				743A9CEEF8BF5F9CBFB93EC3 /* Frameworks */,
			);
			sourceTree = "<group>";
		};
		1FCD639A1FCD363C00AB0DBE /* Products */ = {
			isa = PBXGroup;
			children = (
				1FCD63991FCD363C00AB0DBE /* DemoProject.app */,
			);
			name = Products;
			sourceTree = "<group>";
		};
		1FCD639B1FCD363C00AB0DBE /* DemoProject */ = {
			isa = PBXGroup;
			children = (
				1F9DEF941FFFBF6000944522 /* Vision */,
				1F9DEF8D1FFFBC6D00944522 /* Vision_ForFace */,
				1FCD2E961FF4BC1800D892F3 /* BlueTooth */,
				1FE2866A1FEFFD420003B898 /* Inceptionv3.mlmodel */,
				1FE286631FEF842E0003B898 /* CoreML */,
				1FA111A31FE1E9A5006B239D /* iBeacon */,
				1F9EEA9A1FD519FF00849BFC /* RemoteWebAPITableView */,
				1FCD639C1FCD363C00AB0DBE /* AppDelegate.swift */,
				1FCD639E1FCD363C00AB0DBE /* ViewController.swift */,
				1FCD63A01FCD363C00AB0DBE /* Main.storyboard */,
				1FCD63A61FCD363C00AB0DBE /* Assets.xcassets */,
				1FCD63A81FCD363C00AB0DBE /* LaunchScreen.storyboard */,
				1FCD63AB1FCD363C00AB0DBE /* Info.plist */,
				1FCD63A31FCD363C00AB0DBE /* DemoProject.xcdatamodeld */,
				1FCD63B11FCD420900AB0DBE /* HomePageViewController.swift */,
				1FCD63B21FCD420900AB0DBE /* HomePageViewController.xib */,
				1FCD63B51FCD44F200AB0DBE /* HomeTableViewCell.swift */,
				1FCD63B61FCD44F200AB0DBE /* HomeTableViewCell.xib */,
				1FCD63E51FCD673A00AB0DBE /* SimpleStopWatchViewController.swift */,
				1FCD63E61FCD673A00AB0DBE /* SimpleStopWatchViewController.xib */,
				1FCD63ED1FCEBCD200AB0DBE /* AutolayoutTutorialViewController.swift */,
				1FCD63EE1FCEBCD200AB0DBE /* AutolayoutTutorialViewController.xib */,
				1F9EEA691FD134C900849BFC /* PageViewController.swift */,
				1F9EEA6A1FD134C900849BFC /* PageViewController.xib */,
				1F9EEA6D1FD134FF00849BFC /* Page1ViewController.swift */,
				1F9EEA6E1FD134FF00849BFC /* Page1ViewController.xib */,
				1F9EEA711FD1350B00849BFC /* Page2ViewController.swift */,
				1F9EEA721FD1350B00849BFC /* Page2ViewController.xib */,
				1F9EEA751FD1351800849BFC /* Page3ViewController.swift */,
				1F9EEA761FD1351800849BFC /* Page3ViewController.xib */,
				1F9EEACB1FD78FFD00849BFC /* DemoProject-Bridging-Header.h */,
			);
			path = DemoProject;
			sourceTree = "<group>";
		};
		1FE286631FEF842E0003B898 /* CoreML */ = {
			isa = PBXGroup;
			children = (
				1FE286641FEF84CA0003B898 /* CoreMLViewController.swift */,
				1FE286651FEF84CA0003B898 /* CoreMLViewController.xib */,
			);
			path = CoreML;
			sourceTree = "<group>";
		};
		3740E90B56B5135FE41DD3B3 /* Pods */ = {
			isa = PBXGroup;
			children = (
				0289B39A1566DEE297B12442 /* Pods-DemoProject.debug.xcconfig */,
				42E15255B5301EDEE9A8EAF8 /* Pods-DemoProject.release.xcconfig */,
			);
			name = Pods;
			sourceTree = "<group>";
		};
		743A9CEEF8BF5F9CBFB93EC3 /* Frameworks */ = {
			isa = PBXGroup;
			children = (
				277C5F37F6291EFF6A0DCD51 /* Pods_DemoProject.framework */,
			);
			name = Frameworks;
			sourceTree = "<group>";
		};
/* End PBXGroup section */

/* Begin PBXNativeTarget section */
		1FCD63981FCD363C00AB0DBE /* DemoProject */ = {
			isa = PBXNativeTarget;
			buildConfigurationList = 1FCD63AE1FCD363C00AB0DBE /* Build configuration list for PBXNativeTarget "DemoProject" */;
			buildPhases = (
				D183BB1E7DE54866233F7C61 /* [CP] Check Pods Manifest.lock */,
				1FCD63951FCD363C00AB0DBE /* Sources */,
				1FCD63961FCD363C00AB0DBE /* Frameworks */,
				1FCD63971FCD363C00AB0DBE /* Resources */,
				8146FDE1D7570670A75F9B3D /* [CP] Embed Pods Frameworks */,
				481FA8B2521243F154D6C8AC /* [CP] Copy Pods Resources */,
			);
			buildRules = (
			);
			dependencies = (
			);
			name = DemoProject;
			productName = DemoProject;
			productReference = 1FCD63991FCD363C00AB0DBE /* DemoProject.app */;
			productType = "com.apple.product-type.application";
		};
/* End PBXNativeTarget section */

/* Begin PBXProject section */
		1FCD63911FCD363C00AB0DBE /* Project object */ = {
			isa = PBXProject;
			attributes = {
				LastSwiftUpdateCheck = 0910;
				LastUpgradeCheck = 0910;
				ORGANIZATIONNAME = "張立";
				TargetAttributes = {
					1FCD63981FCD363C00AB0DBE = {
						CreatedOnToolsVersion = 9.1;
						LastSwiftMigration = 0910;
						ProvisioningStyle = Automatic;
					};
				};
			};
			buildConfigurationList = 1FCD63941FCD363C00AB0DBE /* Build configuration list for PBXProject "DemoProject" */;
			compatibilityVersion = "Xcode 8.0";
			developmentRegion = en;
			hasScannedForEncodings = 0;
			knownRegions = (
				en,
				Base,
			);
			mainGroup = 1FCD63901FCD363C00AB0DBE;
			productRefGroup = 1FCD639A1FCD363C00AB0DBE /* Products */;
			projectDirPath = "";
			projectRoot = "";
			targets = (
				1FCD63981FCD363C00AB0DBE /* DemoProject */,
			);
		};
/* End PBXProject section */

/* Begin PBXResourcesBuildPhase section */
		1FCD63971FCD363C00AB0DBE /* Resources */ = {
			isa = PBXResourcesBuildPhase;
			buildActionMask = 2147483647;
			files = (
				1F9EEA741FD1350B00849BFC /* Page2ViewController.xib in Resources */,
				1FCD2E9E1FF4BC7300D892F3 /* BlueToothViewController.xib in Resources */,
				1FCD63B41FCD420900AB0DBE /* HomePageViewController.xib in Resources */,
				1FCD63AA1FCD363C00AB0DBE /* LaunchScreen.storyboard in Resources */,
				1F9EEA781FD1351800849BFC /* Page3ViewController.xib in Resources */,
				1FCD63A71FCD363C00AB0DBE /* Assets.xcassets in Resources */,
				1F9EEA9E1FD51A6A00849BFC /* RemoteAPITableViewViewController.xib in Resources */,
				1FE286671FEF84CA0003B898 /* CoreMLViewController.xib in Resources */,
				1F9EEA6C1FD134C900849BFC /* PageViewController.xib in Resources */,
				1FCD63B81FCD44F200AB0DBE /* HomeTableViewCell.xib in Resources */,
				1FCD63E81FCD673A00AB0DBE /* SimpleStopWatchViewController.xib in Resources */,
				1F9DEF911FFFBC9300944522 /* VisionForFaceViewController.xib in Resources */,
				1F9EEA701FD134FF00849BFC /* Page1ViewController.xib in Resources */,
				1FCD63A21FCD363C00AB0DBE /* Main.storyboard in Resources */,
				1F9DEF971FFFBF8700944522 /* VisionViewController.xib in Resources */,
				1FA111A71FE1E9BF006B239D /* iBeaconViewController.xib in Resources */,
				1FCD63F01FCEBCD200AB0DBE /* AutolayoutTutorialViewController.xib in Resources */,
			);
			runOnlyForDeploymentPostprocessing = 0;
		};
/* End PBXResourcesBuildPhase section */

/* Begin PBXShellScriptBuildPhase section */
		481FA8B2521243F154D6C8AC /* [CP] Copy Pods Resources */ = {
			isa = PBXShellScriptBuildPhase;
			buildActionMask = 2147483647;
			files = (
			);
			inputPaths = (
			);
			name = "[CP] Copy Pods Resources";
			outputPaths = (
			);
			runOnlyForDeploymentPostprocessing = 0;
			shellPath = /bin/sh;
			shellScript = "\"${SRCROOT}/Pods/Target Support Files/Pods-DemoProject/Pods-DemoProject-resources.sh\"\n";
			showEnvVarsInLog = 0;
		};
		8146FDE1D7570670A75F9B3D /* [CP] Embed Pods Frameworks */ = {
			isa = PBXShellScriptBuildPhase;
			buildActionMask = 2147483647;
			files = (
			);
			inputPaths = (
				"${SRCROOT}/Pods/Target Support Files/Pods-DemoProject/Pods-DemoProject-frameworks.sh",
				"${BUILT_PRODUCTS_DIR}/SDWebImage/SDWebImage.framework",
			);
			name = "[CP] Embed Pods Frameworks";
			outputPaths = (
				"${TARGET_BUILD_DIR}/${FRAMEWORKS_FOLDER_PATH}/SDWebImage.framework",
			);
			runOnlyForDeploymentPostprocessing = 0;
			shellPath = /bin/sh;
			shellScript = "\"${SRCROOT}/Pods/Target Support Files/Pods-DemoProject/Pods-DemoProject-frameworks.sh\"\n";
			showEnvVarsInLog = 0;
		};
		D183BB1E7DE54866233F7C61 /* [CP] Check Pods Manifest.lock */ = {
			isa = PBXShellScriptBuildPhase;
			buildActionMask = 2147483647;
			files = (
			);
			inputPaths = (
				"${PODS_PODFILE_DIR_PATH}/Podfile.lock",
				"${PODS_ROOT}/Manifest.lock",
			);
			name = "[CP] Check Pods Manifest.lock";
			outputPaths = (
				"$(DERIVED_FILE_DIR)/Pods-DemoProject-checkManifestLockResult.txt",
			);
			runOnlyForDeploymentPostprocessing = 0;
			shellPath = /bin/sh;
			shellScript = "diff \"${PODS_PODFILE_DIR_PATH}/Podfile.lock\" \"${PODS_ROOT}/Manifest.lock\" > /dev/null\nif [ $? != 0 ] ; then\n    # print error to STDERR\n    echo \"error: The sandbox is not in sync with the Podfile.lock. Run 'pod install' or update your CocoaPods installation.\" >&2\n    exit 1\nfi\n# This output is used by Xcode 'outputs' to avoid re-running this script phase.\necho \"SUCCESS\" > \"${SCRIPT_OUTPUT_FILE_0}\"\n";
			showEnvVarsInLog = 0;
		};
/* End PBXShellScriptBuildPhase section */

/* Begin PBXSourcesBuildPhase section */
		1FCD63951FCD363C00AB0DBE /* Sources */ = {
			isa = PBXSourcesBuildPhase;
			buildActionMask = 2147483647;
			files = (
				1F9EEA731FD1350B00849BFC /* Page2ViewController.swift in Sources */,
				1F9EEA9D1FD51A6A00849BFC /* RemoteAPITableViewViewController.swift in Sources */,
				1FCD63E71FCD673A00AB0DBE /* SimpleStopWatchViewController.swift in Sources */,
				1FCD63EF1FCEBCD200AB0DBE /* AutolayoutTutorialViewController.swift in Sources */,
				1F9EEA771FD1351800849BFC /* Page3ViewController.swift in Sources */,
				1FA111A61FE1E9BF006B239D /* iBeaconViewController.swift in Sources */,
				1FCD63B31FCD420900AB0DBE /* HomePageViewController.swift in Sources */,
				1FCD63B71FCD44F200AB0DBE /* HomeTableViewCell.swift in Sources */,
				1FCD639F1FCD363C00AB0DBE /* ViewController.swift in Sources */,
				1FCD63A51FCD363C00AB0DBE /* DemoProject.xcdatamodeld in Sources */,
				1F9DEF981FFFBF8700944522 /* VisionViewController.swift in Sources */,
				1FE2866B1FEFFD420003B898 /* Inceptionv3.mlmodel in Sources */,
				1FE286661FEF84CA0003B898 /* CoreMLViewController.swift in Sources */,
				1F9EEA6F1FD134FF00849BFC /* Page1ViewController.swift in Sources */,
				1FCD2E9D1FF4BC7300D892F3 /* BlueToothViewController.swift in Sources */,
				1FCD639D1FCD363C00AB0DBE /* AppDelegate.swift in Sources */,
				1F9EEA6B1FD134C900849BFC /* PageViewController.swift in Sources */,
				1F9DEF901FFFBC9300944522 /* VisionForFaceViewController.swift in Sources */,
			);
			runOnlyForDeploymentPostprocessing = 0;
		};
/* End PBXSourcesBuildPhase section */

/* Begin PBXVariantGroup section */
		1FCD63A01FCD363C00AB0DBE /* Main.storyboard */ = {
			isa = PBXVariantGroup;
			children = (
				1FCD63A11FCD363C00AB0DBE /* Base */,
			);
			name = Main.storyboard;
			sourceTree = "<group>";
		};
		1FCD63A81FCD363C00AB0DBE /* LaunchScreen.storyboard */ = {
			isa = PBXVariantGroup;
			children = (
				1FCD63A91FCD363C00AB0DBE /* Base */,
			);
			name = LaunchScreen.storyboard;
			sourceTree = "<group>";
		};
/* End PBXVariantGroup section */

/* Begin XCBuildConfiguration section */
		1FCD63AC1FCD363C00AB0DBE /* Debug */ = {
			isa = XCBuildConfiguration;
			buildSettings = {
				ALWAYS_SEARCH_USER_PATHS = NO;
				CLANG_ANALYZER_NONNULL = YES;
				CLANG_ANALYZER_NUMBER_OBJECT_CONVERSION = YES_AGGRESSIVE;
				CLANG_CXX_LANGUAGE_STANDARD = "gnu++14";
				CLANG_CXX_LIBRARY = "libc++";
				CLANG_ENABLE_MODULES = YES;
				CLANG_ENABLE_OBJC_ARC = YES;
				CLANG_WARN_BLOCK_CAPTURE_AUTORELEASING = YES;
				CLANG_WARN_BOOL_CONVERSION = YES;
				CLANG_WARN_COMMA = YES;
				CLANG_WARN_CONSTANT_CONVERSION = YES;
				CLANG_WARN_DIRECT_OBJC_ISA_USAGE = YES_ERROR;
				CLANG_WARN_DOCUMENTATION_COMMENTS = YES;
				CLANG_WARN_EMPTY_BODY = YES;
				CLANG_WARN_ENUM_CONVERSION = YES;
				CLANG_WARN_INFINITE_RECURSION = YES;
				CLANG_WARN_INT_CONVERSION = YES;
				CLANG_WARN_NON_LITERAL_NULL_CONVERSION = YES;
				CLANG_WARN_OBJC_LITERAL_CONVERSION = YES;
				CLANG_WARN_OBJC_ROOT_CLASS = YES_ERROR;
				CLANG_WARN_RANGE_LOOP_ANALYSIS = YES;
				CLANG_WARN_STRICT_PROTOTYPES = YES;
				CLANG_WARN_SUSPICIOUS_MOVE = YES;
				CLANG_WARN_UNGUARDED_AVAILABILITY = YES_AGGRESSIVE;
				CLANG_WARN_UNREACHABLE_CODE = YES;
				CLANG_WARN__DUPLICATE_METHOD_MATCH = YES;
				CODE_SIGN_IDENTITY = "iPhone Developer";
				COPY_PHASE_STRIP = NO;
				DEBUG_INFORMATION_FORMAT = dwarf;
				ENABLE_STRICT_OBJC_MSGSEND = YES;
				ENABLE_TESTABILITY = YES;
				GCC_C_LANGUAGE_STANDARD = gnu11;
				GCC_DYNAMIC_NO_PIC = NO;
				GCC_NO_COMMON_BLOCKS = YES;
				GCC_OPTIMIZATION_LEVEL = 0;
				GCC_PREPROCESSOR_DEFINITIONS = (
					"DEBUG=1",
					"$(inherited)",
				);
				GCC_WARN_64_TO_32_BIT_CONVERSION = YES;
				GCC_WARN_ABOUT_RETURN_TYPE = YES_ERROR;
				GCC_WARN_UNDECLARED_SELECTOR = YES;
				GCC_WARN_UNINITIALIZED_AUTOS = YES_AGGRESSIVE;
				GCC_WARN_UNUSED_FUNCTION = YES;
				GCC_WARN_UNUSED_VARIABLE = YES;
				IPHONEOS_DEPLOYMENT_TARGET = 11.1;
				MTL_ENABLE_DEBUG_INFO = YES;
				ONLY_ACTIVE_ARCH = YES;
				SDKROOT = iphoneos;
				SWIFT_ACTIVE_COMPILATION_CONDITIONS = DEBUG;
				SWIFT_OPTIMIZATION_LEVEL = "-Onone";
			};
			name = Debug;
		};
		1FCD63AD1FCD363C00AB0DBE /* Release */ = {
			isa = XCBuildConfiguration;
			buildSettings = {
				ALWAYS_SEARCH_USER_PATHS = NO;
				CLANG_ANALYZER_NONNULL = YES;
				CLANG_ANALYZER_NUMBER_OBJECT_CONVERSION = YES_AGGRESSIVE;
				CLANG_CXX_LANGUAGE_STANDARD = "gnu++14";
				CLANG_CXX_LIBRARY = "libc++";
				CLANG_ENABLE_MODULES = YES;
				CLANG_ENABLE_OBJC_ARC = YES;
				CLANG_WARN_BLOCK_CAPTURE_AUTORELEASING = YES;
				CLANG_WARN_BOOL_CONVERSION = YES;
				CLANG_WARN_COMMA = YES;
				CLANG_WARN_CONSTANT_CONVERSION = YES;
				CLANG_WARN_DIRECT_OBJC_ISA_USAGE = YES_ERROR;
				CLANG_WARN_DOCUMENTATION_COMMENTS = YES;
				CLANG_WARN_EMPTY_BODY = YES;
				CLANG_WARN_ENUM_CONVERSION = YES;
				CLANG_WARN_INFINITE_RECURSION = YES;
				CLANG_WARN_INT_CONVERSION = YES;
				CLANG_WARN_NON_LITERAL_NULL_CONVERSION = YES;
				CLANG_WARN_OBJC_LITERAL_CONVERSION = YES;
				CLANG_WARN_OBJC_ROOT_CLASS = YES_ERROR;
				CLANG_WARN_RANGE_LOOP_ANALYSIS = YES;
				CLANG_WARN_STRICT_PROTOTYPES = YES;
				CLANG_WARN_SUSPICIOUS_MOVE = YES;
				CLANG_WARN_UNGUARDED_AVAILABILITY = YES_AGGRESSIVE;
				CLANG_WARN_UNREACHABLE_CODE = YES;
				CLANG_WARN__DUPLICATE_METHOD_MATCH = YES;
				CODE_SIGN_IDENTITY = "iPhone Developer";
				COPY_PHASE_STRIP = NO;
				DEBUG_INFORMATION_FORMAT = "dwarf-with-dsym";
				ENABLE_NS_ASSERTIONS = NO;
				ENABLE_STRICT_OBJC_MSGSEND = YES;
				GCC_C_LANGUAGE_STANDARD = gnu11;
				GCC_NO_COMMON_BLOCKS = YES;
				GCC_WARN_64_TO_32_BIT_CONVERSION = YES;
				GCC_WARN_ABOUT_RETURN_TYPE = YES_ERROR;
				GCC_WARN_UNDECLARED_SELECTOR = YES;
				GCC_WARN_UNINITIALIZED_AUTOS = YES_AGGRESSIVE;
				GCC_WARN_UNUSED_FUNCTION = YES;
				GCC_WARN_UNUSED_VARIABLE = YES;
				IPHONEOS_DEPLOYMENT_TARGET = 11.1;
				MTL_ENABLE_DEBUG_INFO = NO;
				SDKROOT = iphoneos;
				SWIFT_OPTIMIZATION_LEVEL = "-Owholemodule";
				VALIDATE_PRODUCT = YES;
			};
			name = Release;
		};
		1FCD63AF1FCD363C00AB0DBE /* Debug */ = {
			isa = XCBuildConfiguration;
			baseConfigurationReference = 0289B39A1566DEE297B12442 /* Pods-DemoProject.debug.xcconfig */;
			buildSettings = {
				ASSETCATALOG_COMPILER_APPICON_NAME = AppIcon;
				CLANG_ENABLE_MODULES = YES;
				CODE_SIGN_STYLE = Automatic;
				DEVELOPMENT_TEAM = P4HMJZ92Z7;
				INFOPLIST_FILE = DemoProject/Info.plist;
				LD_RUNPATH_SEARCH_PATHS = "$(inherited) @executable_path/Frameworks";
				PRODUCT_BUNDLE_IDENTIFIER = what.DemoProject;
				PRODUCT_NAME = "$(TARGET_NAME)";
				SWIFT_OBJC_BRIDGING_HEADER = "DemoProject/DemoProject-Bridging-Header.h";
				SWIFT_OPTIMIZATION_LEVEL = "-Onone";
				SWIFT_VERSION = 4.0;
				TARGETED_DEVICE_FAMILY = "1,2";
			};
			name = Debug;
		};
		1FCD63B01FCD363C00AB0DBE /* Release */ = {
			isa = XCBuildConfiguration;
			baseConfigurationReference = 42E15255B5301EDEE9A8EAF8 /* Pods-DemoProject.release.xcconfig */;
			buildSettings = {
				ASSETCATALOG_COMPILER_APPICON_NAME = AppIcon;
				CLANG_ENABLE_MODULES = YES;
				CODE_SIGN_STYLE = Automatic;
				DEVELOPMENT_TEAM = P4HMJZ92Z7;
				INFOPLIST_FILE = DemoProject/Info.plist;
				LD_RUNPATH_SEARCH_PATHS = "$(inherited) @executable_path/Frameworks";
				PRODUCT_BUNDLE_IDENTIFIER = what.DemoProject;
				PRODUCT_NAME = "$(TARGET_NAME)";
				SWIFT_OBJC_BRIDGING_HEADER = "DemoProject/DemoProject-Bridging-Header.h";
				SWIFT_VERSION = 4.0;
				TARGETED_DEVICE_FAMILY = "1,2";
			};
			name = Release;
		};
/* End XCBuildConfiguration section */

/* Begin XCConfigurationList section */
		1FCD63941FCD363C00AB0DBE /* Build configuration list for PBXProject "DemoProject" */ = {
			isa = XCConfigurationList;
			buildConfigurations = (
				1FCD63AC1FCD363C00AB0DBE /* Debug */,
				1FCD63AD1FCD363C00AB0DBE /* Release */,
			);
			defaultConfigurationIsVisible = 0;
			defaultConfigurationName = Release;
		};
		1FCD63AE1FCD363C00AB0DBE /* Build configuration list for PBXNativeTarget "DemoProject" */ = {
			isa = XCConfigurationList;
			buildConfigurations = (
				1FCD63AF1FCD363C00AB0DBE /* Debug */,
				1FCD63B01FCD363C00AB0DBE /* Release */,
			);
			defaultConfigurationIsVisible = 0;
			defaultConfigurationName = Release;
		};
/* End XCConfigurationList section */

/* Begin XCVersionGroup section */
		1FCD63A31FCD363C00AB0DBE /* DemoProject.xcdatamodeld */ = {
			isa = XCVersionGroup;
			children = (
				1FCD63A41FCD363C00AB0DBE /* DemoProject.xcdatamodel */,
			);
			currentVersion = 1FCD63A41FCD363C00AB0DBE /* DemoProject.xcdatamodel */;
			path = DemoProject.xcdatamodeld;
			sourceTree = "<group>";
			versionGroupType = wrapper.xcdatamodel;
		};
/* End XCVersionGroup section */
	};
	rootObject = 1FCD63911FCD363C00AB0DBE /* Project object */;
}
